lockfileVersion: 5.3

specifiers:
  express: ^4.17.1

dependencies:
  express: registry.nlark.com/express/4.17.1

packages:

  registry.nlark.com/accepts/1.3.7:
    resolution: {integrity: sha1-UxvHJlF6OytB+FACHGzBXqq1B80=, registry: https://registry.npm.taobao.org/, tarball: https://registry.nlark.com/accepts/download/accepts-1.3.7.tgz}
    name: accepts
    version: 1.3.7
    engines: {node: '>= 0.6'}
    dependencies:
      mime-types: registry.npmmirror.com/mime-types/2.1.34
      negotiator: registry.nlark.com/negotiator/0.6.2
    dev: false

  registry.nlark.com/array-flatten/1.1.1:
    resolution: {integrity: sha1-ml9pkFGx5wczKPKgCJaLZOopVdI=, registry: https://registry.npm.taobao.org/, tarball: https://registry.nlark.com/array-flatten/download/array-flatten-1.1.1.tgz}
    name: array-flatten
    version: 1.1.1
    dev: false

  registry.nlark.com/body-parser/1.19.0:
    resolution: {integrity: sha1-lrJwnlfJxOCab9Zqj9l5hE9p8Io=, registry: https://registry.npm.taobao.org/, tarball: https://registry.nlark.com/body-parser/download/body-parser-1.19.0.tgz}
    name: body-parser
    version: 1.19.0
    engines: {node: '>= 0.8'}
    dependencies:
      bytes: registry.npmmirror.com/bytes/3.1.0
      content-type: registry.nlark.com/content-type/1.0.4
      debug: registry.npmmirror.com/debug/2.6.9
      depd: registry.nlark.com/depd/1.1.2
      http-errors: registry.npmmirror.com/http-errors/1.7.2
      iconv-lite: registry.nlark.com/iconv-lite/0.4.24
      on-finished: registry.nlark.com/on-finished/2.3.0
      qs: registry.nlark.com/qs/6.7.0
      raw-body: registry.npmmirror.com/raw-body/2.4.0
      type-is: registry.nlark.com/type-is/1.6.18
    dev: false

  registry.nlark.com/content-disposition/0.5.3:
    resolution: {integrity: sha1-4TDK9+cnkIfFYWwgB9BIVpiYT70=, registry: https://registry.npm.taobao.org/, tarball: https://registry.nlark.com/content-disposition/download/content-disposition-0.5.3.tgz}
    name: content-disposition
    version: 0.5.3
    engines: {node: '>= 0.6'}
    dependencies:
      safe-buffer: registry.nlark.com/safe-buffer/5.1.2
    dev: false

  registry.nlark.com/content-type/1.0.4:
    resolution: {integrity: sha1-4TjMdeBAxyexlm/l5fjJruJW/js=, registry: https://registry.npm.taobao.org/, tarball: https://registry.nlark.com/content-type/download/content-type-1.0.4.tgz}
    name: content-type
    version: 1.0.4
    engines: {node: '>= 0.6'}
    dev: false

  registry.nlark.com/cookie-signature/1.0.6:
    resolution: {integrity: sha1-4wOogrNCzD7oylE6eZmXNNqzriw=, registry: https://registry.npm.taobao.org/, tarball: https://registry.nlark.com/cookie-signature/download/cookie-signature-1.0.6.tgz}
    name: cookie-signature
    version: 1.0.6
    dev: false

  registry.nlark.com/cookie/0.4.0:
    resolution: {integrity: sha1-vrQ35wIrO21JAZ0IhmUwPr6cFLo=, registry: https://registry.npm.taobao.org/, tarball: https://registry.nlark.com/cookie/download/cookie-0.4.0.tgz}
    name: cookie
    version: 0.4.0
    engines: {node: '>= 0.6'}
    dev: false

  registry.nlark.com/depd/1.1.2:
    resolution: {integrity: sha1-m81S4UwJd2PnSbJ0xDRu0uVgtak=, registry: https://registry.npm.taobao.org/, tarball: https://registry.nlark.com/depd/download/depd-1.1.2.tgz}
    name: depd
    version: 1.1.2
    engines: {node: '>= 0.6'}
    dev: false

  registry.nlark.com/destroy/1.0.4:
    resolution: {integrity: sha1-l4hXRCxEdJ5CBmE+N5RiBYJqvYA=, registry: https://registry.npm.taobao.org/, tarball: https://registry.nlark.com/destroy/download/destroy-1.0.4.tgz}
    name: destroy
    version: 1.0.4
    dev: false

  registry.nlark.com/ee-first/1.1.1:
    resolution: {integrity: sha1-WQxhFWsK4vTwJVcyoViyZrxWsh0=, registry: https://registry.npm.taobao.org/, tarball: https://registry.nlark.com/ee-first/download/ee-first-1.1.1.tgz}
    name: ee-first
    version: 1.1.1
    dev: false

  registry.nlark.com/encodeurl/1.0.2:
    resolution: {integrity: sha1-rT/0yG7C0CkyL1oCw6mmBslbP1k=, registry: https://registry.npm.taobao.org/, tarball: https://registry.nlark.com/encodeurl/download/encodeurl-1.0.2.tgz}
    name: encodeurl
    version: 1.0.2
    engines: {node: '>= 0.8'}
    dev: false

  registry.nlark.com/escape-html/1.0.3:
    resolution: {integrity: sha1-Aljq5NPQwJdN4cFpGI7wBR0dGYg=, registry: https://registry.npm.taobao.org/, tarball: https://registry.nlark.com/escape-html/download/escape-html-1.0.3.tgz}
    name: escape-html
    version: 1.0.3
    dev: false

  registry.nlark.com/etag/1.8.1:
    resolution: {integrity: sha1-Qa4u62XvpiJorr/qg6x9eSmbCIc=, registry: https://registry.npm.taobao.org/, tarball: https://registry.nlark.com/etag/download/etag-1.8.1.tgz}
    name: etag
    version: 1.8.1
    engines: {node: '>= 0.6'}
    dev: false

  registry.nlark.com/express/4.17.1:
    resolution: {integrity: sha1-RJH8OGBc9R+GKdOcK10Cb5ikwTQ=, registry: https://registry.npm.taobao.org/, tarball: https://registry.nlark.com/express/download/express-4.17.1.tgz}
    name: express
    version: 4.17.1
    engines: {node: '>= 0.10.0'}
    dependencies:
      accepts: registry.nlark.com/accepts/1.3.7
      array-flatten: registry.nlark.com/array-flatten/1.1.1
      body-parser: registry.nlark.com/body-parser/1.19.0
      content-disposition: registry.nlark.com/content-disposition/0.5.3
      content-type: registry.nlark.com/content-type/1.0.4
      cookie: registry.nlark.com/cookie/0.4.0
      cookie-signature: registry.nlark.com/cookie-signature/1.0.6
      debug: registry.npmmirror.com/debug/2.6.9
      depd: registry.nlark.com/depd/1.1.2
      encodeurl: registry.nlark.com/encodeurl/1.0.2
      escape-html: registry.nlark.com/escape-html/1.0.3
      etag: registry.nlark.com/etag/1.8.1
      finalhandler: registry.nlark.com/finalhandler/1.1.2
      fresh: registry.nlark.com/fresh/0.5.2
      merge-descriptors: registry.nlark.com/merge-descriptors/1.0.1
      methods: registry.nlark.com/methods/1.1.2
      on-finished: registry.nlark.com/on-finished/2.3.0
      parseurl: registry.nlark.com/parseurl/1.3.3
      path-to-regexp: registry.nlark.com/path-to-regexp/0.1.7
      proxy-addr: registry.nlark.com/proxy-addr/2.0.7
      qs: registry.nlark.com/qs/6.7.0
      range-parser: registry.nlark.com/range-parser/1.2.1
      safe-buffer: registry.nlark.com/safe-buffer/5.1.2
      send: registry.nlark.com/send/0.17.1
      serve-static: registry.nlark.com/serve-static/1.14.1
      setprototypeof: registry.nlark.com/setprototypeof/1.1.1
      statuses: registry.nlark.com/statuses/1.5.0
      type-is: registry.nlark.com/type-is/1.6.18
      utils-merge: registry.nlark.com/utils-merge/1.0.1
      vary: registry.nlark.com/vary/1.1.2
    dev: false

  registry.nlark.com/finalhandler/1.1.2:
    resolution: {integrity: sha1-t+fQAP/RGTjQ/bBTUG9uur6fWH0=, registry: https://registry.npm.taobao.org/, tarball: https://registry.nlark.com/finalhandler/download/finalhandler-1.1.2.tgz}
    name: finalhandler
    version: 1.1.2
    engines: {node: '>= 0.8'}
    dependencies:
      debug: registry.npmmirror.com/debug/2.6.9
      encodeurl: registry.nlark.com/encodeurl/1.0.2
      escape-html: registry.nlark.com/escape-html/1.0.3
      on-finished: registry.nlark.com/on-finished/2.3.0
      parseurl: registry.nlark.com/parseurl/1.3.3
      statuses: registry.nlark.com/statuses/1.5.0
      unpipe: registry.nlark.com/unpipe/1.0.0
    dev: false

  registry.nlark.com/forwarded/0.2.0:
    resolution: {integrity: sha1-ImmTZCiq1MFcfr6XeahL8LKoGBE=, registry: https://registry.npm.taobao.org/, tarball: https://registry.nlark.com/forwarded/download/forwarded-0.2.0.tgz}
    name: forwarded
    version: 0.2.0
    engines: {node: '>= 0.6'}
    dev: false

  registry.nlark.com/fresh/0.5.2:
    resolution: {integrity: sha1-PYyt2Q2XZWn6g1qx+OSyOhBWBac=, registry: https://registry.npm.taobao.org/, tarball: https://registry.nlark.com/fresh/download/fresh-0.5.2.tgz}
    name: fresh
    version: 0.5.2
    engines: {node: '>= 0.6'}
    dev: false

  registry.nlark.com/iconv-lite/0.4.24:
    resolution: {integrity: sha1-ICK0sl+93CHS9SSXSkdKr+czkIs=, registry: https://registry.npm.taobao.org/, tarball: https://registry.nlark.com/iconv-lite/download/iconv-lite-0.4.24.tgz}
    name: iconv-lite
    version: 0.4.24
    engines: {node: '>=0.10.0'}
    dependencies:
      safer-buffer: registry.nlark.com/safer-buffer/2.1.2
    dev: false

  registry.nlark.com/inherits/2.0.3:
    resolution: {integrity: sha1-Yzwsg+PaQqUC9SRmAiSA9CCCYd4=, registry: https://registry.npm.taobao.org/, tarball: https://registry.nlark.com/inherits/download/inherits-2.0.3.tgz}
    name: inherits
    version: 2.0.3
    dev: false

  registry.nlark.com/inherits/2.0.4:
    resolution: {integrity: sha1-D6LGT5MpF8NDOg3tVTY6rjdBa3w=, registry: https://registry.npm.taobao.org/, tarball: https://registry.nlark.com/inherits/download/inherits-2.0.4.tgz}
    name: inherits
    version: 2.0.4
    dev: false

  registry.nlark.com/ipaddr.js/1.9.1:
    resolution: {integrity: sha1-v/OFQ+64mEglB5/zoqjmy9RngbM=, registry: https://registry.npm.taobao.org/, tarball: https://registry.nlark.com/ipaddr.js/download/ipaddr.js-1.9.1.tgz}
    name: ipaddr.js
    version: 1.9.1
    engines: {node: '>= 0.10'}
    dev: false

  registry.nlark.com/media-typer/0.3.0:
    resolution: {integrity: sha1-hxDXrwqmJvj/+hzgAWhUUmMlV0g=, registry: https://registry.npm.taobao.org/, tarball: https://registry.nlark.com/media-typer/download/media-typer-0.3.0.tgz}
    name: media-typer
    version: 0.3.0
    engines: {node: '>= 0.6'}
    dev: false

  registry.nlark.com/merge-descriptors/1.0.1:
    resolution: {integrity: sha1-sAqqVW3YtEVoFQ7J0blT8/kMu2E=, registry: https://registry.npm.taobao.org/, tarball: https://registry.nlark.com/merge-descriptors/download/merge-descriptors-1.0.1.tgz}
    name: merge-descriptors
    version: 1.0.1
    dev: false

  registry.nlark.com/methods/1.1.2:
    resolution: {integrity: sha1-VSmk1nZUE07cxSZmVoNbD4Ua/O4=, registry: https://registry.npm.taobao.org/, tarball: https://registry.nlark.com/methods/download/methods-1.1.2.tgz}
    name: methods
    version: 1.1.2
    engines: {node: '>= 0.6'}
    dev: false

  registry.nlark.com/negotiator/0.6.2:
    resolution: {integrity: sha1-/qz3zPUlp3rpY0Q2pkiD/+yjRvs=, registry: https://registry.npm.taobao.org/, tarball: https://registry.nlark.com/negotiator/download/negotiator-0.6.2.tgz}
    name: negotiator
    version: 0.6.2
    engines: {node: '>= 0.6'}
    dev: false

  registry.nlark.com/on-finished/2.3.0:
    resolution: {integrity: sha1-IPEzZIGwg811M3mSoWlxqi2QaUc=, registry: https://registry.npm.taobao.org/, tarball: https://registry.nlark.com/on-finished/download/on-finished-2.3.0.tgz}
    name: on-finished
    version: 2.3.0
    engines: {node: '>= 0.8'}
    dependencies:
      ee-first: registry.nlark.com/ee-first/1.1.1
    dev: false

  registry.nlark.com/parseurl/1.3.3:
    resolution: {integrity: sha1-naGee+6NEt/wUT7Vt2lXeTvC6NQ=, registry: https://registry.npm.taobao.org/, tarball: https://registry.nlark.com/parseurl/download/parseurl-1.3.3.tgz}
    name: parseurl
    version: 1.3.3
    engines: {node: '>= 0.8'}
    dev: false

  registry.nlark.com/path-to-regexp/0.1.7:
    resolution: {integrity: sha1-32BBeABfUi8V60SQ5yR6G/qmf4w=, registry: https://registry.npm.taobao.org/, tarball: https://registry.nlark.com/path-to-regexp/download/path-to-regexp-0.1.7.tgz}
    name: path-to-regexp
    version: 0.1.7
    dev: false

  registry.nlark.com/proxy-addr/2.0.7:
    resolution: {integrity: sha1-8Z/mnOqzEe65S0LnDowgcPm6ECU=, registry: https://registry.npm.taobao.org/, tarball: https://registry.nlark.com/proxy-addr/download/proxy-addr-2.0.7.tgz}
    name: proxy-addr
    version: 2.0.7
    engines: {node: '>= 0.10'}
    dependencies:
      forwarded: registry.nlark.com/forwarded/0.2.0
      ipaddr.js: registry.nlark.com/ipaddr.js/1.9.1
    dev: false

  registry.nlark.com/qs/6.7.0:
    resolution: {integrity: sha1-QdwaAV49WB8WIXdr4xr7KHapsbw=, registry: https://registry.npm.taobao.org/, tarball: https://registry.nlark.com/qs/download/qs-6.7.0.tgz}
    name: qs
    version: 6.7.0
    engines: {node: '>=0.6'}
    dev: false

  registry.nlark.com/range-parser/1.2.1:
    resolution: {integrity: sha1-PPNwI9GZ4cJNGlW4SADC8+ZGgDE=, registry: https://registry.npm.taobao.org/, tarball: https://registry.nlark.com/range-parser/download/range-parser-1.2.1.tgz}
    name: range-parser
    version: 1.2.1
    engines: {node: '>= 0.6'}
    dev: false

  registry.nlark.com/safe-buffer/5.1.2:
    resolution: {integrity: sha1-mR7GnSluAxN0fVm9/St0XDX4go0=, registry: https://registry.npm.taobao.org/, tarball: https://registry.nlark.com/safe-buffer/download/safe-buffer-5.1.2.tgz}
    name: safe-buffer
    version: 5.1.2
    dev: false

  registry.nlark.com/safer-buffer/2.1.2:
    resolution: {integrity: sha1-RPoWGwGHuVSd2Eu5GAL5vYOFzWo=, registry: https://registry.npm.taobao.org/, tarball: https://registry.nlark.com/safer-buffer/download/safer-buffer-2.1.2.tgz}
    name: safer-buffer
    version: 2.1.2
    dev: false

  registry.nlark.com/send/0.17.1:
    resolution: {integrity: sha1-wdiwWfeQD3Rm3Uk4vcROEd2zdsg=, registry: https://registry.npm.taobao.org/, tarball: https://registry.nlark.com/send/download/send-0.17.1.tgz}
    name: send
    version: 0.17.1
    engines: {node: '>= 0.8.0'}
    dependencies:
      debug: registry.npmmirror.com/debug/2.6.9
      depd: registry.nlark.com/depd/1.1.2
      destroy: registry.nlark.com/destroy/1.0.4
      encodeurl: registry.nlark.com/encodeurl/1.0.2
      escape-html: registry.nlark.com/escape-html/1.0.3
      etag: registry.nlark.com/etag/1.8.1
      fresh: registry.nlark.com/fresh/0.5.2
      http-errors: registry.npmmirror.com/http-errors/1.7.3
      mime: registry.npmmirror.com/mime/1.6.0
      ms: registry.npmmirror.com/ms/2.1.1
      on-finished: registry.nlark.com/on-finished/2.3.0
      range-parser: registry.nlark.com/range-parser/1.2.1
      statuses: registry.nlark.com/statuses/1.5.0
    dev: false

  registry.nlark.com/serve-static/1.14.1:
    resolution: {integrity: sha1-Zm5jbcTwEPfvKZcKiKZ0MgiYsvk=, registry: https://registry.npm.taobao.org/, tarball: https://registry.nlark.com/serve-static/download/serve-static-1.14.1.tgz}
    name: serve-static
    version: 1.14.1
    engines: {node: '>= 0.8.0'}
    dependencies:
      encodeurl: registry.nlark.com/encodeurl/1.0.2
      escape-html: registry.nlark.com/escape-html/1.0.3
      parseurl: registry.nlark.com/parseurl/1.3.3
      send: registry.nlark.com/send/0.17.1
    dev: false

  registry.nlark.com/setprototypeof/1.1.1:
    resolution: {integrity: sha1-fpWsskqpL1iF4KvvW6ExMw1K5oM=, registry: https://registry.npm.taobao.org/, tarball: https://registry.nlark.com/setprototypeof/download/setprototypeof-1.1.1.tgz}
    name: setprototypeof
    version: 1.1.1
    dev: false

  registry.nlark.com/statuses/1.5.0:
    resolution: {integrity: sha1-Fhx9rBd2Wf2YEfQ3cfqZOBR4Yow=, registry: https://registry.npm.taobao.org/, tarball: https://registry.nlark.com/statuses/download/statuses-1.5.0.tgz}
    name: statuses
    version: 1.5.0
    engines: {node: '>= 0.6'}
    dev: false

  registry.nlark.com/type-is/1.6.18:
    resolution: {integrity: sha1-TlUs0F3wlGfcvE73Od6J8s83wTE=, registry: https://registry.npm.taobao.org/, tarball: https://registry.nlark.com/type-is/download/type-is-1.6.18.tgz}
    name: type-is
    version: 1.6.18
    engines: {node: '>= 0.6'}
    dependencies:
      media-typer: registry.nlark.com/media-typer/0.3.0
      mime-types: registry.npmmirror.com/mime-types/2.1.34
    dev: false

  registry.nlark.com/unpipe/1.0.0:
    resolution: {integrity: sha1-sr9O6FFKrmFltIF4KdIbLvSZBOw=, registry: https://registry.npm.taobao.org/, tarball: https://registry.nlark.com/unpipe/download/unpipe-1.0.0.tgz}
    name: unpipe
    version: 1.0.0
    engines: {node: '>= 0.8'}
    dev: false

  registry.nlark.com/utils-merge/1.0.1:
    resolution: {integrity: sha1-n5VxD1CiZ5R7LMwSR0HBAoQn5xM=, registry: https://registry.npm.taobao.org/, tarball: https://registry.nlark.com/utils-merge/download/utils-merge-1.0.1.tgz}
    name: utils-merge
    version: 1.0.1
    engines: {node: '>= 0.4.0'}
    dev: false

  registry.nlark.com/vary/1.1.2:
    resolution: {integrity: sha1-IpnwLG3tMNSllhsLn3RSShj2NPw=, registry: https://registry.npm.taobao.org/, tarball: https://registry.nlark.com/vary/download/vary-1.1.2.tgz}
    name: vary
    version: 1.1.2
    engines: {node: '>= 0.8'}
    dev: false

  registry.npmmirror.com/bytes/3.1.0:
    resolution: {integrity: sha1-9s95M6Ng4FiPqf3oVlHNx/gF0fY=, registry: https://registry.npm.taobao.org/, tarball: https://registry.npmmirror.com/bytes/download/bytes-3.1.0.tgz}
    name: bytes
    version: 3.1.0
    engines: {node: '>= 0.8'}
    dev: false

  registry.npmmirror.com/debug/2.6.9:
    resolution: {integrity: sha1-XRKFFd8TT/Mn6QpMk/Tgd6U2NB8=, registry: https://registry.npm.taobao.org/, tarball: https://registry.npmmirror.com/debug/download/debug-2.6.9.tgz}
    name: debug
    version: 2.6.9
    dependencies:
      ms: registry.npmmirror.com/ms/2.0.0
    dev: false

  registry.npmmirror.com/http-errors/1.7.2:
    resolution: {integrity: sha1-T1ApzxMjnzEDblsuVSkrz7zIXI8=, registry: https://registry.npm.taobao.org/, tarball: https://registry.npmmirror.com/http-errors/download/http-errors-1.7.2.tgz}
    name: http-errors
    version: 1.7.2
    engines: {node: '>= 0.6'}
    dependencies:
      depd: registry.nlark.com/depd/1.1.2
      inherits: registry.nlark.com/inherits/2.0.3
      setprototypeof: registry.nlark.com/setprototypeof/1.1.1
      statuses: registry.nlark.com/statuses/1.5.0
      toidentifier: registry.npmmirror.com/toidentifier/1.0.0
    dev: false

  registry.npmmirror.com/http-errors/1.7.3:
    resolution: {integrity: sha1-bGGeT5xgMIw4UZSYwU+7EKrOuwY=, registry: https://registry.npm.taobao.org/, tarball: https://registry.npmmirror.com/http-errors/download/http-errors-1.7.3.tgz}
    name: http-errors
    version: 1.7.3
    engines: {node: '>= 0.6'}
    dependencies:
      depd: registry.nlark.com/depd/1.1.2
      inherits: registry.nlark.com/inherits/2.0.4
      setprototypeof: registry.nlark.com/setprototypeof/1.1.1
      statuses: registry.nlark.com/statuses/1.5.0
      toidentifier: registry.npmmirror.com/toidentifier/1.0.0
    dev: false

  registry.npmmirror.com/mime-db/1.51.0:
    resolution: {integrity: sha512-5y8A56jg7XVQx2mbv1lu49NR4dokRnhZYTtL+KGfaa27uq4pSTXkwQkFJl4pkRMyNFz/EtYDSkiiEHx3F7UN6g==, registry: https://registry.npm.taobao.org/, tarball: https://registry.npmmirror.com/mime-db/download/mime-db-1.51.0.tgz}
    name: mime-db
    version: 1.51.0
    engines: {node: '>= 0.6'}
    dev: false

  registry.npmmirror.com/mime-types/2.1.34:
    resolution: {integrity: sha512-6cP692WwGIs9XXdOO4++N+7qjqv0rqxxVvJ3VHPh/Sc9mVZcQP+ZGhkKiTvWMQRr2tbHkJP/Yn7Y0npb3ZBs4A==, registry: https://registry.npm.taobao.org/, tarball: https://registry.npmmirror.com/mime-types/download/mime-types-2.1.34.tgz}
    name: mime-types
    version: 2.1.34
    engines: {node: '>= 0.6'}
    dependencies:
      mime-db: registry.npmmirror.com/mime-db/1.51.0
    dev: false

  registry.npmmirror.com/mime/1.6.0:
    resolution: {integrity: sha1-Ms2eXGRVO9WNGaVor0Uqz/BJgbE=, registry: https://registry.npm.taobao.org/, tarball: https://registry.npmmirror.com/mime/download/mime-1.6.0.tgz}
    name: mime
    version: 1.6.0
    engines: {node: '>=4'}
    hasBin: true
    dev: false

  registry.npmmirror.com/ms/2.0.0:
    resolution: {integrity: sha1-VgiurfwAvmwpAd9fmGF4jeDVl8g=, registry: https://registry.npm.taobao.org/, tarball: https://registry.npmmirror.com/ms/download/ms-2.0.0.tgz}
    name: ms
    version: 2.0.0
    dev: false

  registry.npmmirror.com/ms/2.1.1:
    resolution: {integrity: sha1-MKWGTrPrsKZvLr5tcnrwagnYbgo=, registry: https://registry.npm.taobao.org/, tarball: https://registry.npmmirror.com/ms/download/ms-2.1.1.tgz}
    name: ms
    version: 2.1.1
    dev: false

  registry.npmmirror.com/raw-body/2.4.0:
    resolution: {integrity: sha1-oc5vucm8NWylLoklarWQWeE9AzI=, registry: https://registry.npm.taobao.org/, tarball: https://registry.npmmirror.com/raw-body/download/raw-body-2.4.0.tgz}
    name: raw-body
    version: 2.4.0
    engines: {node: '>= 0.8'}
    dependencies:
      bytes: registry.npmmirror.com/bytes/3.1.0
      http-errors: registry.npmmirror.com/http-errors/1.7.2
      iconv-lite: registry.nlark.com/iconv-lite/0.4.24
      unpipe: registry.nlark.com/unpipe/1.0.0
    dev: false

  registry.npmmirror.com/toidentifier/1.0.0:
    resolution: {integrity: sha1-fhvjRw8ed5SLxD2Uo8j013UrpVM=, registry: https://registry.npm.taobao.org/, tarball: https://registry.npmmirror.com/toidentifier/download/toidentifier-1.0.0.tgz}
    name: toidentifier
    version: 1.0.0
    engines: {node: '>=0.6'}
    dev: false
